
Microsoft Visual Studio Solution File, Format Version 12.00
# Visual Studio Version 17
VisualStudioVersion = 17.4.33403.182
MinimumVisualStudioVersion = 10.0.40219.1
Project("{8BC9CEB8-8B4A-11D0-8D11-00A0C91BC942}") = "CProject1", "CProject1\CProject1.vcxproj", "{04398CCD-AD29-4150-92BB-4CC970DD385E}"
EndProject
Project("{8BC9CEB8-8B4A-11D0-8D11-00A0C91BC942}") = "CProject2", "CProject2\CProject2.vcxproj", "{899E8C1F-E345-4CBE-A5EA-69C1239F95D8}"
EndProject
Project("{8BC9CEB8-8B4A-11D0-8D11-00A0C91BC942}") = "CProject3", "CProject3\CProject3.vcxproj", "{0A2F4C82-821C-4841-AE77-F6332222D0C0}"
EndProject
Project("{8BC9CEB8-8B4A-11D0-8D11-00A0C91BC942}") = "CProject4", "CProject4\CProject4.vcxproj", "{84D4E03A-D734-4088-BDFF-1539E1A92992}"
EndProject
Project("{8BC9CEB8-8B4A-11D0-8D11-00A0C91BC942}") = "CProject5", "CProject5\CProject5.vcxproj", "{F1BA7FC7-D96F-4F39-B9B9-88013A943E47}"
EndProject
Project("{8BC9CEB8-8B4A-11D0-8D11-00A0C91BC942}") = "CProject6", "CProject6\CProject6.vcxproj", "{E499DE3A-DAA4-4781-B2C1-A10A883A076F}"
EndProject
Project("{8BC9CEB8-8B4A-11D0-8D11-00A0C91BC942}") = "CProject7", "CProject7\CProject7.vcxproj", "{4928390C-B2E4-464F-8644-4F36B9954BE7}"
EndProject
Project("{8BC9CEB8-8B4A-11D0-8D11-00A0C91BC942}") = "CProject8", "CProject8\CProject8.vcxproj", "{B80E338E-5AE5-4643-8604-73AB7C3C2845}"
EndProject
Project("{8BC9CEB8-8B4A-11D0-8D11-00A0C91BC942}") = "CProject9", "CProject9\CProject9.vcxproj", "{DC8450E6-AF7C-4B3D-9016-565DFD55E1DD}"
EndProject
Project("{8BC9CEB8-8B4A-11D0-8D11-00A0C91BC942}") = "CProject10", "CProject10\CProject10.vcxproj", "{8DA16004-CBF9-4EF0-AD26-C6BB15A38EA9}"
EndProject
Project("{8BC9CEB8-8B4A-11D0-8D11-00A0C91BC942}") = "CProject11", "CProject11\CProject11.vcxproj", "{7DEF1E13-DCEB-4F9B-942A-70F18F5525B6}"
EndProject
Global
	GlobalSection(SolutionConfigurationPlatforms) = preSolution
		Debug|x64 = Debug|x64
		Debug|x86 = Debug|x86
		Release|x64 = Release|x64
		Release|x86 = Release|x86
	EndGlobalSection
	GlobalSection(ProjectConfigurationPlatforms) = postSolution
		{04398CCD-AD29-4150-92BB-4CC970DD385E}.Debug|x64.ActiveCfg = Debug|x64
		{04398CCD-AD29-4150-92BB-4CC970DD385E}.Debug|x64.Build.0 = Debug|x64
		{04398CCD-AD29-4150-92BB-4CC970DD385E}.Debug|x86.ActiveCfg = Debug|Win32
		{04398CCD-AD29-4150-92BB-4CC970DD385E}.Debug|x86.Build.0 = Debug|Win32
		{04398CCD-AD29-4150-92BB-4CC970DD385E}.Release|x64.ActiveCfg = Release|x64
		{04398CCD-AD29-4150-92BB-4CC970DD385E}.Release|x64.Build.0 = Release|x64
		{04398CCD-AD29-4150-92BB-4CC970DD385E}.Release|x86.ActiveCfg = Release|Win32
		{04398CCD-AD29-4150-92BB-4CC970DD385E}.Release|x86.Build.0 = Release|Win32
		{899E8C1F-E345-4CBE-A5EA-69C1239F95D8}.Debug|x64.ActiveCfg = Debug|x64
		{899E8C1F-E345-4CBE-A5EA-69C1239F95D8}.Debug|x64.Build.0 = Debug|x64
		{899E8C1F-E345-4CBE-A5EA-69C1239F95D8}.Debug|x86.ActiveCfg = Debug|Win32
		{899E8C1F-E345-4CBE-A5EA-69C1239F95D8}.Debug|x86.Build.0 = Debug|Win32
		{899E8C1F-E345-4CBE-A5EA-69C1239F95D8}.Release|x64.ActiveCfg = Release|x64
		{899E8C1F-E345-4CBE-A5EA-69C1239F95D8}.Release|x64.Build.0 = Release|x64
		{899E8C1F-E345-4CBE-A5EA-69C1239F95D8}.Release|x86.ActiveCfg = Release|Win32
		{899E8C1F-E345-4CBE-A5EA-69C1239F95D8}.Release|x86.Build.0 = Release|Win32
		{0A2F4C82-821C-4841-AE77-F6332222D0C0}.Debug|x64.ActiveCfg = Debug|x64
		{0A2F4C82-821C-4841-AE77-F6332222D0C0}.Debug|x64.Build.0 = Debug|x64
		{0A2F4C82-821C-4841-AE77-F6332222D0C0}.Debug|x86.ActiveCfg = Debug|Win32
		{0A2F4C82-821C-4841-AE77-F6332222D0C0}.Debug|x86.Build.0 = Debug|Win32
		{0A2F4C82-821C-4841-AE77-F6332222D0C0}.Release|x64.ActiveCfg = Release|x64
		{0A2F4C82-821C-4841-AE77-F6332222D0C0}.Release|x64.Build.0 = Release|x64
		{0A2F4C82-821C-4841-AE77-F6332222D0C0}.Release|x86.ActiveCfg = Release|Win32
		{0A2F4C82-821C-4841-AE77-F6332222D0C0}.Release|x86.Build.0 = Release|Win32
		{84D4E03A-D734-4088-BDFF-1539E1A92992}.Debug|x64.ActiveCfg = Debug|x64
		{84D4E03A-D734-4088-BDFF-1539E1A92992}.Debug|x64.Build.0 = Debug|x64
		{84D4E03A-D734-4088-BDFF-1539E1A92992}.Debug|x86.ActiveCfg = Debug|Win32
		{84D4E03A-D734-4088-BDFF-1539E1A92992}.Debug|x86.Build.0 = Debug|Win32
		{84D4E03A-D734-4088-BDFF-1539E1A92992}.Release|x64.ActiveCfg = Release|x64
		{84D4E03A-D734-4088-BDFF-1539E1A92992}.Release|x64.Build.0 = Release|x64
		{84D4E03A-D734-4088-BDFF-1539E1A92992}.Release|x86.ActiveCfg = Release|Win32
		{84D4E03A-D734-4088-BDFF-1539E1A92992}.Release|x86.Build.0 = Release|Win32
		{F1BA7FC7-D96F-4F39-B9B9-88013A943E47}.Debug|x64.ActiveCfg = Debug|x64
		{F1BA7FC7-D96F-4F39-B9B9-88013A943E47}.Debug|x64.Build.0 = Debug|x64
		{F1BA7FC7-D96F-4F39-B9B9-88013A943E47}.Debug|x86.ActiveCfg = Debug|Win32
		{F1BA7FC7-D96F-4F39-B9B9-88013A943E47}.Debug|x86.Build.0 = Debug|Win32
		{F1BA7FC7-D96F-4F39-B9B9-88013A943E47}.Release|x64.ActiveCfg = Release|x64
		{F1BA7FC7-D96F-4F39-B9B9-88013A943E47}.Release|x64.Build.0 = Release|x64
		{F1BA7FC7-D96F-4F39-B9B9-88013A943E47}.Release|x86.ActiveCfg = Release|Win32
		{F1BA7FC7-D96F-4F39-B9B9-88013A943E47}.Release|x86.Build.0 = Release|Win32
		{E499DE3A-DAA4-4781-B2C1-A10A883A076F}.Debug|x64.ActiveCfg = Debug|x64
		{E499DE3A-DAA4-4781-B2C1-A10A883A076F}.Debug|x64.Build.0 = Debug|x64
		{E499DE3A-DAA4-4781-B2C1-A10A883A076F}.Debug|x86.ActiveCfg = Debug|Win32
		{E499DE3A-DAA4-4781-B2C1-A10A883A076F}.Debug|x86.Build.0 = Debug|Win32
		{E499DE3A-DAA4-4781-B2C1-A10A883A076F}.Release|x64.ActiveCfg = Release|x64
		{E499DE3A-DAA4-4781-B2C1-A10A883A076F}.Release|x64.Build.0 = Release|x64
		{E499DE3A-DAA4-4781-B2C1-A10A883A076F}.Release|x86.ActiveCfg = Release|Win32
		{E499DE3A-DAA4-4781-B2C1-A10A883A076F}.Release|x86.Build.0 = Release|Win32
		{4928390C-B2E4-464F-8644-4F36B9954BE7}.Debug|x64.ActiveCfg = Debug|x64
		{4928390C-B2E4-464F-8644-4F36B9954BE7}.Debug|x64.Build.0 = Debug|x64
		{4928390C-B2E4-464F-8644-4F36B9954BE7}.Debug|x86.ActiveCfg = Debug|Win32
		{4928390C-B2E4-464F-8644-4F36B9954BE7}.Debug|x86.Build.0 = Debug|Win32
		{4928390C-B2E4-464F-8644-4F36B9954BE7}.Release|x64.ActiveCfg = Release|x64
		{4928390C-B2E4-464F-8644-4F36B9954BE7}.Release|x64.Build.0 = Release|x64
		{4928390C-B2E4-464F-8644-4F36B9954BE7}.Release|x86.ActiveCfg = Release|Win32
		{4928390C-B2E4-464F-8644-4F36B9954BE7}.Release|x86.Build.0 = Release|Win32
		{B80E338E-5AE5-4643-8604-73AB7C3C2845}.Debug|x64.ActiveCfg = Debug|x64
		{B80E338E-5AE5-4643-8604-73AB7C3C2845}.Debug|x64.Build.0 = Debug|x64
		{B80E338E-5AE5-4643-8604-73AB7C3C2845}.Debug|x86.ActiveCfg = Debug|Win32
		{B80E338E-5AE5-4643-8604-73AB7C3C2845}.Debug|x86.Build.0 = Debug|Win32
		{B80E338E-5AE5-4643-8604-73AB7C3C2845}.Release|x64.ActiveCfg = Release|x64
		{B80E338E-5AE5-4643-8604-73AB7C3C2845}.Release|x64.Build.0 = Release|x64
		{B80E338E-5AE5-4643-8604-73AB7C3C2845}.Release|x86.ActiveCfg = Release|Win32
		{B80E338E-5AE5-4643-8604-73AB7C3C2845}.Release|x86.Build.0 = Release|Win32
		{DC8450E6-AF7C-4B3D-9016-565DFD55E1DD}.Debug|x64.ActiveCfg = Debug|x64
		{DC8450E6-AF7C-4B3D-9016-565DFD55E1DD}.Debug|x64.Build.0 = Debug|x64
		{DC8450E6-AF7C-4B3D-9016-565DFD55E1DD}.Debug|x86.ActiveCfg = Debug|Win32
		{DC8450E6-AF7C-4B3D-9016-565DFD55E1DD}.Debug|x86.Build.0 = Debug|Win32
		{DC8450E6-AF7C-4B3D-9016-565DFD55E1DD}.Release|x64.ActiveCfg = Release|x64
		{DC8450E6-AF7C-4B3D-9016-565DFD55E1DD}.Release|x64.Build.0 = Release|x64
		{DC8450E6-AF7C-4B3D-9016-565DFD55E1DD}.Release|x86.ActiveCfg = Release|Win32
		{DC8450E6-AF7C-4B3D-9016-565DFD55E1DD}.Release|x86.Build.0 = Release|Win32
		{8DA16004-CBF9-4EF0-AD26-C6BB15A38EA9}.Debug|x64.ActiveCfg = Debug|x64
		{8DA16004-CBF9-4EF0-AD26-C6BB15A38EA9}.Debug|x64.Build.0 = Debug|x64
		{8DA16004-CBF9-4EF0-AD26-C6BB15A38EA9}.Debug|x86.ActiveCfg = Debug|Win32
		{8DA16004-CBF9-4EF0-AD26-C6BB15A38EA9}.Debug|x86.Build.0 = Debug|Win32
		{8DA16004-CBF9-4EF0-AD26-C6BB15A38EA9}.Release|x64.ActiveCfg = Release|x64
		{8DA16004-CBF9-4EF0-AD26-C6BB15A38EA9}.Release|x64.Build.0 = Release|x64
		{8DA16004-CBF9-4EF0-AD26-C6BB15A38EA9}.Release|x86.ActiveCfg = Release|Win32
		{8DA16004-CBF9-4EF0-AD26-C6BB15A38EA9}.Release|x86.Build.0 = Release|Win32
		{7DEF1E13-DCEB-4F9B-942A-70F18F5525B6}.Debug|x64.ActiveCfg = Debug|x64
		{7DEF1E13-DCEB-4F9B-942A-70F18F5525B6}.Debug|x64.Build.0 = Debug|x64
		{7DEF1E13-DCEB-4F9B-942A-70F18F5525B6}.Debug|x86.ActiveCfg = Debug|Win32
		{7DEF1E13-DCEB-4F9B-942A-70F18F5525B6}.Debug|x86.Build.0 = Debug|Win32
		{7DEF1E13-DCEB-4F9B-942A-70F18F5525B6}.Release|x64.ActiveCfg = Release|x64
		{7DEF1E13-DCEB-4F9B-942A-70F18F5525B6}.Release|x64.Build.0 = Release|x64
		{7DEF1E13-DCEB-4F9B-942A-70F18F5525B6}.Release|x86.ActiveCfg = Release|Win32
		{7DEF1E13-DCEB-4F9B-942A-70F18F5525B6}.Release|x86.Build.0 = Release|Win32
	EndGlobalSection
	GlobalSection(SolutionProperties) = preSolution
		HideSolutionNode = FALSE
	EndGlobalSection
	GlobalSection(ExtensibilityGlobals) = postSolution
		SolutionGuid = {F45F0C98-814F-44F7-AF61-B7B80F0D5D36}
	EndGlobalSection
EndGlobal
